PODS:
  - AgoraRtcEngine_iOS (4.4.0):
    - AgoraRtcEngine_iOS/AIAEC (= 4.4.0)
    - AgoraRtcEngine_iOS/AIAECLL (= 4.4.0)
    - AgoraRtcEngine_iOS/AINS (= 4.4.0)
    - AgoraRtcEngine_iOS/AINSLL (= 4.4.0)
    - AgoraRtcEngine_iOS/AudioBeauty (= 4.4.0)
    - AgoraRtcEngine_iOS/ClearVision (= 4.4.0)
    - AgoraRtcEngine_iOS/ContentInspect (= 4.4.0)
    - AgoraRtcEngine_iOS/FaceCapture (= 4.4.0)
    - AgoraRtcEngine_iOS/FaceDetection (= 4.4.0)
    - AgoraRtcEngine_iOS/LipSync (= 4.4.0)
    - AgoraRtcEngine_iOS/ReplayKit (= 4.4.0)
    - AgoraRtcEngine_iOS/RtcBasic (= 4.4.0)
    - AgoraRtcEngine_iOS/SpatialAudio (= 4.4.0)
    - AgoraRtcEngine_iOS/VideoAv1CodecDec (= 4.4.0)
    - AgoraRtcEngine_iOS/VideoAv1CodecEnc (= 4.4.0)
    - AgoraRtcEngine_iOS/VideoCodecDec (= 4.4.0)
    - AgoraRtcEngine_iOS/VideoCodecEnc (= 4.4.0)
    - AgoraRtcEngine_iOS/VirtualBackground (= 4.4.0)
    - AgoraRtcEngine_iOS/VQA (= 4.4.0)
  - AgoraRtcEngine_iOS/AIAEC (4.4.0)
  - AgoraRtcEngine_iOS/AIAECLL (4.4.0)
  - AgoraRtcEngine_iOS/AINS (4.4.0)
  - AgoraRtcEngine_iOS/AINSLL (4.4.0)
  - AgoraRtcEngine_iOS/AudioBeauty (4.4.0)
  - AgoraRtcEngine_iOS/ClearVision (4.4.0)
  - AgoraRtcEngine_iOS/ContentInspect (4.4.0)
  - AgoraRtcEngine_iOS/FaceCapture (4.4.0)
  - AgoraRtcEngine_iOS/FaceDetection (4.4.0)
  - AgoraRtcEngine_iOS/LipSync (4.4.0)
  - AgoraRtcEngine_iOS/ReplayKit (4.4.0)
  - AgoraRtcEngine_iOS/RtcBasic (4.4.0)
  - AgoraRtcEngine_iOS/SpatialAudio (4.4.0)
  - AgoraRtcEngine_iOS/VideoAv1CodecDec (4.4.0)
  - AgoraRtcEngine_iOS/VideoAv1CodecEnc (4.4.0)
  - AgoraRtcEngine_iOS/VideoCodecDec (4.4.0)
  - AgoraRtcEngine_iOS/VideoCodecEnc (4.4.0)
  - AgoraRtcEngine_iOS/VirtualBackground (4.4.0)
  - AgoraRtcEngine_iOS/VQA (4.4.0)
  - FSCalendar (2.8.4)
  - MultiSlider (2.2.0):
    - SweeterSwift
  - SweeterSwift (1.2.6)

DEPENDENCIES:
  - AgoraRtcEngine_iOS (= 4.4.0)
  - FSCalendar
  - MultiSlider

SPEC REPOS:
  trunk:
    - AgoraRtcEngine_iOS
    - FSCalendar
    - MultiSlider
    - SweeterSwift

SPEC CHECKSUMS:
  AgoraRtcEngine_iOS: 8f579495aafaf383346241a419718e9775723493
  FSCalendar: 2d1d0d9398f12d439f55c1fe0f01525b151b8260
  MultiSlider: 9667217199a051fa729bf54986d68fb9b911554c
  SweeterSwift: 1eca266517c703d7376e723a21926f5cb2ba4d0f

PODFILE CHECKSUM: 6c87509c7262f015e4e83f910b711452b805fb25

COCOAPODS: 1.16.2
