// !$*UTF8*$!
{
	archiveVersion = 1;
	classes = {
	};
	objectVersion = 77;
	objects = {

/* Begin PBXBuildFile section */
		09E2AEAD1A1F722B683661E8 /* Pods_trainig.framework in Frameworks */ = {isa = PBXBuildFile; fileRef = 1B2A87C568B37F4526E4D20E /* Pods_trainig.framework */; };
		13096AADA0BFB77540481A44 /* Pods_trainig_trainigUITests.framework in Frameworks */ = {isa = PBXBuildFile; fileRef = F8FDCAE955B2B2BFFE6FFF75 /* Pods_trainig_trainigUITests.framework */; };
		505F08612D4745BA00A5794B /* Media.xcassets in Resources */ = {isa = PBXBuildFile; fileRef = 505F08602D4745BA00A5794B /* Media.xcassets */; };
		50C7432C2D47001200486038 /* Localizable.strings in Resources */ = {isa = PBXBuildFile; fileRef = 50C7432A2D47001200486038 /* Localizable.strings */; };
		B80958950B0F2D2487A14DA4 /* Pods_trainigTests.framework in Frameworks */ = {isa = PBXBuildFile; fileRef = 57C02D624FB469905E2513E5 /* Pods_trainigTests.framework */; };
/* End PBXBuildFile section */

/* Begin PBXContainerItemProxy section */
		50C6499E2D3AF1D500B095A0 /* PBXContainerItemProxy */ = {
			isa = PBXContainerItemProxy;
			containerPortal = 50C6497F2D3AF1D400B095A0 /* Project object */;
			proxyType = 1;
			remoteGlobalIDString = 50C649862D3AF1D400B095A0;
			remoteInfo = trainig;
		};
		50C649A82D3AF1D500B095A0 /* PBXContainerItemProxy */ = {
			isa = PBXContainerItemProxy;
			containerPortal = 50C6497F2D3AF1D400B095A0 /* Project object */;
			proxyType = 1;
			remoteGlobalIDString = 50C649862D3AF1D400B095A0;
			remoteInfo = trainig;
		};
/* End PBXContainerItemProxy section */

/* Begin PBXFileReference section */
		1B2A87C568B37F4526E4D20E /* Pods_trainig.framework */ = {isa = PBXFileReference; explicitFileType = wrapper.framework; includeInIndex = 0; path = Pods_trainig.framework; sourceTree = BUILT_PRODUCTS_DIR; };
		505F08602D4745BA00A5794B /* Media.xcassets */ = {isa = PBXFileReference; lastKnownFileType = folder.assetcatalog; path = Media.xcassets; sourceTree = "<group>"; };
		50C649872D3AF1D400B095A0 /* trainig.app */ = {isa = PBXFileReference; explicitFileType = wrapper.application; includeInIndex = 0; path = trainig.app; sourceTree = BUILT_PRODUCTS_DIR; };
		50C6499D2D3AF1D500B095A0 /* trainigTests.xctest */ = {isa = PBXFileReference; explicitFileType = wrapper.cfbundle; includeInIndex = 0; path = trainigTests.xctest; sourceTree = BUILT_PRODUCTS_DIR; };
		50C649A72D3AF1D500B095A0 /* trainigUITests.xctest */ = {isa = PBXFileReference; explicitFileType = wrapper.cfbundle; includeInIndex = 0; path = trainigUITests.xctest; sourceTree = BUILT_PRODUCTS_DIR; };
		50C7432B2D47001200486038 /* en */ = {isa = PBXFileReference; lastKnownFileType = text.plist.strings; name = en; path = en.lproj/Localizable.strings; sourceTree = "<group>"; };
		50C7432D2D47004E00486038 /* tr */ = {isa = PBXFileReference; lastKnownFileType = text.plist.strings; name = tr; path = tr.lproj/Localizable.strings; sourceTree = "<group>"; };
		57C02D624FB469905E2513E5 /* Pods_trainigTests.framework */ = {isa = PBXFileReference; explicitFileType = wrapper.framework; includeInIndex = 0; path = Pods_trainigTests.framework; sourceTree = BUILT_PRODUCTS_DIR; };
		69B17F554746B4155692D3D9 /* Pods-trainigTests.release.xcconfig */ = {isa = PBXFileReference; includeInIndex = 1; lastKnownFileType = text.xcconfig; name = "Pods-trainigTests.release.xcconfig"; path = "Target Support Files/Pods-trainigTests/Pods-trainigTests.release.xcconfig"; sourceTree = "<group>"; };
		6AAC9A171864A06BB2AA0DDB /* Pods-trainig.release.xcconfig */ = {isa = PBXFileReference; includeInIndex = 1; lastKnownFileType = text.xcconfig; name = "Pods-trainig.release.xcconfig"; path = "Target Support Files/Pods-trainig/Pods-trainig.release.xcconfig"; sourceTree = "<group>"; };
		80708A64F81F6E7791AEF357 /* Pods-trainig-trainigUITests.release.xcconfig */ = {isa = PBXFileReference; includeInIndex = 1; lastKnownFileType = text.xcconfig; name = "Pods-trainig-trainigUITests.release.xcconfig"; path = "Target Support Files/Pods-trainig-trainigUITests/Pods-trainig-trainigUITests.release.xcconfig"; sourceTree = "<group>"; };
		DBD34C94C157ACD12FDB64B7 /* Pods-trainigTests.debug.xcconfig */ = {isa = PBXFileReference; includeInIndex = 1; lastKnownFileType = text.xcconfig; name = "Pods-trainigTests.debug.xcconfig"; path = "Target Support Files/Pods-trainigTests/Pods-trainigTests.debug.xcconfig"; sourceTree = "<group>"; };
		E6A4723BA43872EEF732A48F /* Pods-trainig-trainigUITests.debug.xcconfig */ = {isa = PBXFileReference; includeInIndex = 1; lastKnownFileType = text.xcconfig; name = "Pods-trainig-trainigUITests.debug.xcconfig"; path = "Target Support Files/Pods-trainig-trainigUITests/Pods-trainig-trainigUITests.debug.xcconfig"; sourceTree = "<group>"; };
		F8FDCAE955B2B2BFFE6FFF75 /* Pods_trainig_trainigUITests.framework */ = {isa = PBXFileReference; explicitFileType = wrapper.framework; includeInIndex = 0; path = Pods_trainig_trainigUITests.framework; sourceTree = BUILT_PRODUCTS_DIR; };
		FC3F4FC2F89ABF9A5B2905C3 /* Pods-trainig.debug.xcconfig */ = {isa = PBXFileReference; includeInIndex = 1; lastKnownFileType = text.xcconfig; name = "Pods-trainig.debug.xcconfig"; path = "Target Support Files/Pods-trainig/Pods-trainig.debug.xcconfig"; sourceTree = "<group>"; };
/* End PBXFileReference section */

/* Begin PBXFileSystemSynchronizedBuildFileExceptionSet section */
		50C649AF2D3AF1D500B095A0 /* Exceptions for "trainig" folder in "trainig" target */ = {
			isa = PBXFileSystemSynchronizedBuildFileExceptionSet;
			membershipExceptions = (
				Info.plist,
			);
			target = 50C649862D3AF1D400B095A0 /* trainig */;
		};
/* End PBXFileSystemSynchronizedBuildFileExceptionSet section */

/* Begin PBXFileSystemSynchronizedRootGroup section */
		50C649892D3AF1D400B095A0 /* trainig */ = {
			isa = PBXFileSystemSynchronizedRootGroup;
			exceptions = (
				50C649AF2D3AF1D500B095A0 /* Exceptions for "trainig" folder in "trainig" target */,
			);
			path = trainig;
			sourceTree = "<group>";
		};
		50C649A02D3AF1D500B095A0 /* trainigTests */ = {
			isa = PBXFileSystemSynchronizedRootGroup;
			path = trainigTests;
			sourceTree = "<group>";
		};
		50C649AA2D3AF1D500B095A0 /* trainigUITests */ = {
			isa = PBXFileSystemSynchronizedRootGroup;
			path = trainigUITests;
			sourceTree = "<group>";
		};
/* End PBXFileSystemSynchronizedRootGroup section */

/* Begin PBXFrameworksBuildPhase section */
		50C649842D3AF1D400B095A0 /* Frameworks */ = {
			isa = PBXFrameworksBuildPhase;
			buildActionMask = 2147483647;
			files = (
				09E2AEAD1A1F722B683661E8 /* Pods_trainig.framework in Frameworks */,
			);
			runOnlyForDeploymentPostprocessing = 0;
		};
		50C6499A2D3AF1D500B095A0 /* Frameworks */ = {
			isa = PBXFrameworksBuildPhase;
			buildActionMask = 2147483647;
			files = (
				B80958950B0F2D2487A14DA4 /* Pods_trainigTests.framework in Frameworks */,
			);
			runOnlyForDeploymentPostprocessing = 0;
		};
		50C649A42D3AF1D500B095A0 /* Frameworks */ = {
			isa = PBXFrameworksBuildPhase;
			buildActionMask = 2147483647;
			files = (
				13096AADA0BFB77540481A44 /* Pods_trainig_trainigUITests.framework in Frameworks */,
			);
			runOnlyForDeploymentPostprocessing = 0;
		};
/* End PBXFrameworksBuildPhase section */

/* Begin PBXGroup section */
		5035626FDF1DD4F16A3E98CD /* Frameworks */ = {
			isa = PBXGroup;
			children = (
				1B2A87C568B37F4526E4D20E /* Pods_trainig.framework */,
				F8FDCAE955B2B2BFFE6FFF75 /* Pods_trainig_trainigUITests.framework */,
				57C02D624FB469905E2513E5 /* Pods_trainigTests.framework */,
			);
			name = Frameworks;
			sourceTree = "<group>";
		};
		50C6497E2D3AF1D400B095A0 = {
			isa = PBXGroup;
			children = (
				505F08602D4745BA00A5794B /* Media.xcassets */,
				50C7432A2D47001200486038 /* Localizable.strings */,
				50C649892D3AF1D400B095A0 /* trainig */,
				50C649A02D3AF1D500B095A0 /* trainigTests */,
				50C649AA2D3AF1D500B095A0 /* trainigUITests */,
				50C649882D3AF1D400B095A0 /* Products */,
				6B0541B35A9F7A23B65A5537 /* Pods */,
				5035626FDF1DD4F16A3E98CD /* Frameworks */,
			);
			sourceTree = "<group>";
		};
		50C649882D3AF1D400B095A0 /* Products */ = {
			isa = PBXGroup;
			children = (
				50C649872D3AF1D400B095A0 /* trainig.app */,
				50C6499D2D3AF1D500B095A0 /* trainigTests.xctest */,
				50C649A72D3AF1D500B095A0 /* trainigUITests.xctest */,
			);
			name = Products;
			sourceTree = "<group>";
		};
		6B0541B35A9F7A23B65A5537 /* Pods */ = {
			isa = PBXGroup;
			children = (
				FC3F4FC2F89ABF9A5B2905C3 /* Pods-trainig.debug.xcconfig */,
				6AAC9A171864A06BB2AA0DDB /* Pods-trainig.release.xcconfig */,
				E6A4723BA43872EEF732A48F /* Pods-trainig-trainigUITests.debug.xcconfig */,
				80708A64F81F6E7791AEF357 /* Pods-trainig-trainigUITests.release.xcconfig */,
				DBD34C94C157ACD12FDB64B7 /* Pods-trainigTests.debug.xcconfig */,
				69B17F554746B4155692D3D9 /* Pods-trainigTests.release.xcconfig */,
			);
			path = Pods;
			sourceTree = "<group>";
		};
/* End PBXGroup section */

/* Begin PBXNativeTarget section */
		50C649862D3AF1D400B095A0 /* trainig */ = {
			isa = PBXNativeTarget;
			buildConfigurationList = 50C649B02D3AF1D500B095A0 /* Build configuration list for PBXNativeTarget "trainig" */;
			buildPhases = (
				7D762703B727E03BABD5520B /* [CP] Check Pods Manifest.lock */,
				50C649832D3AF1D400B095A0 /* Sources */,
				50C649842D3AF1D400B095A0 /* Frameworks */,
				50C649852D3AF1D400B095A0 /* Resources */,
			);
			buildRules = (
			);
			dependencies = (
			);
			fileSystemSynchronizedGroups = (
				50C649892D3AF1D400B095A0 /* trainig */,
			);
			name = trainig;
			productName = trainig;
			productReference = 50C649872D3AF1D400B095A0 /* trainig.app */;
			productType = "com.apple.product-type.application";
		};
		50C6499C2D3AF1D500B095A0 /* trainigTests */ = {
			isa = PBXNativeTarget;
			buildConfigurationList = 50C649B52D3AF1D500B095A0 /* Build configuration list for PBXNativeTarget "trainigTests" */;
			buildPhases = (
				10CBDA903D2351235290A0B5 /* [CP] Check Pods Manifest.lock */,
				50C649992D3AF1D500B095A0 /* Sources */,
				50C6499A2D3AF1D500B095A0 /* Frameworks */,
				50C6499B2D3AF1D500B095A0 /* Resources */,
			);
			buildRules = (
			);
			dependencies = (
				50C6499F2D3AF1D500B095A0 /* PBXTargetDependency */,
			);
			fileSystemSynchronizedGroups = (
				50C649A02D3AF1D500B095A0 /* trainigTests */,
			);
			name = trainigTests;
			productName = trainigTests;
			productReference = 50C6499D2D3AF1D500B095A0 /* trainigTests.xctest */;
			productType = "com.apple.product-type.bundle.unit-test";
		};
		50C649A62D3AF1D500B095A0 /* trainigUITests */ = {
			isa = PBXNativeTarget;
			buildConfigurationList = 50C649B82D3AF1D500B095A0 /* Build configuration list for PBXNativeTarget "trainigUITests" */;
			buildPhases = (
				0544C028315887F80E274E28 /* [CP] Check Pods Manifest.lock */,
				50C649A32D3AF1D500B095A0 /* Sources */,
				50C649A42D3AF1D500B095A0 /* Frameworks */,
				50C649A52D3AF1D500B095A0 /* Resources */,
			);
			buildRules = (
			);
			dependencies = (
				50C649A92D3AF1D500B095A0 /* PBXTargetDependency */,
			);
			fileSystemSynchronizedGroups = (
				50C649AA2D3AF1D500B095A0 /* trainigUITests */,
			);
			name = trainigUITests;
			productName = trainigUITests;
			productReference = 50C649A72D3AF1D500B095A0 /* trainigUITests.xctest */;
			productType = "com.apple.product-type.bundle.ui-testing";
		};
/* End PBXNativeTarget section */

/* Begin PBXProject section */
		50C6497F2D3AF1D400B095A0 /* Project object */ = {
			isa = PBXProject;
			attributes = {
				BuildIndependentTargetsInParallel = 1;
				LastSwiftUpdateCheck = 1620;
				LastUpgradeCheck = 1620;
				TargetAttributes = {
					50C649862D3AF1D400B095A0 = {
						CreatedOnToolsVersion = 16.2;
					};
					50C6499C2D3AF1D500B095A0 = {
						CreatedOnToolsVersion = 16.2;
						TestTargetID = 50C649862D3AF1D400B095A0;
					};
					50C649A62D3AF1D500B095A0 = {
						CreatedOnToolsVersion = 16.2;
						TestTargetID = 50C649862D3AF1D400B095A0;
					};
				};
			};
			buildConfigurationList = 50C649822D3AF1D400B095A0 /* Build configuration list for PBXProject "trainig" */;
			developmentRegion = en;
			hasScannedForEncodings = 0;
			knownRegions = (
				en,
				Base,
				tr,
			);
			mainGroup = 50C6497E2D3AF1D400B095A0;
			minimizedProjectReferenceProxies = 1;
			preferredProjectObjectVersion = 77;
			productRefGroup = 50C649882D3AF1D400B095A0 /* Products */;
			projectDirPath = "";
			projectRoot = "";
			targets = (
				50C649862D3AF1D400B095A0 /* trainig */,
				50C6499C2D3AF1D500B095A0 /* trainigTests */,
				50C649A62D3AF1D500B095A0 /* trainigUITests */,
			);
		};
/* End PBXProject section */

/* Begin PBXResourcesBuildPhase section */
		50C649852D3AF1D400B095A0 /* Resources */ = {
			isa = PBXResourcesBuildPhase;
			buildActionMask = 2147483647;
			files = (
				50C7432C2D47001200486038 /* Localizable.strings in Resources */,
				505F08612D4745BA00A5794B /* Media.xcassets in Resources */,
			);
			runOnlyForDeploymentPostprocessing = 0;
		};
		50C6499B2D3AF1D500B095A0 /* Resources */ = {
			isa = PBXResourcesBuildPhase;
			buildActionMask = 2147483647;
			files = (
			);
			runOnlyForDeploymentPostprocessing = 0;
		};
		50C649A52D3AF1D500B095A0 /* Resources */ = {
			isa = PBXResourcesBuildPhase;
			buildActionMask = 2147483647;
			files = (
			);
			runOnlyForDeploymentPostprocessing = 0;
		};
/* End PBXResourcesBuildPhase section */

/* Begin PBXShellScriptBuildPhase section */
		0544C028315887F80E274E28 /* [CP] Check Pods Manifest.lock */ = {
			isa = PBXShellScriptBuildPhase;
			buildActionMask = 2147483647;
			files = (
			);
			inputFileListPaths = (
			);
			inputPaths = (
				"${PODS_PODFILE_DIR_PATH}/Podfile.lock",
				"${PODS_ROOT}/Manifest.lock",
			);
			name = "[CP] Check Pods Manifest.lock";
			outputFileListPaths = (
			);
			outputPaths = (
				"$(DERIVED_FILE_DIR)/Pods-trainig-trainigUITests-checkManifestLockResult.txt",
			);
			runOnlyForDeploymentPostprocessing = 0;
			shellPath = /bin/sh;
			shellScript = "diff \"${PODS_PODFILE_DIR_PATH}/Podfile.lock\" \"${PODS_ROOT}/Manifest.lock\" > /dev/null\nif [ $? != 0 ] ; then\n    # print error to STDERR\n    echo \"error: The sandbox is not in sync with the Podfile.lock. Run 'pod install' or update your CocoaPods installation.\" >&2\n    exit 1\nfi\n# This output is used by Xcode 'outputs' to avoid re-running this script phase.\necho \"SUCCESS\" > \"${SCRIPT_OUTPUT_FILE_0}\"\n";
			showEnvVarsInLog = 0;
		};
		10CBDA903D2351235290A0B5 /* [CP] Check Pods Manifest.lock */ = {
			isa = PBXShellScriptBuildPhase;
			buildActionMask = 2147483647;
			files = (
			);
			inputFileListPaths = (
			);
			inputPaths = (
				"${PODS_PODFILE_DIR_PATH}/Podfile.lock",
				"${PODS_ROOT}/Manifest.lock",
			);
			name = "[CP] Check Pods Manifest.lock";
			outputFileListPaths = (
			);
			outputPaths = (
				"$(DERIVED_FILE_DIR)/Pods-trainigTests-checkManifestLockResult.txt",
			);
			runOnlyForDeploymentPostprocessing = 0;
			shellPath = /bin/sh;
			shellScript = "diff \"${PODS_PODFILE_DIR_PATH}/Podfile.lock\" \"${PODS_ROOT}/Manifest.lock\" > /dev/null\nif [ $? != 0 ] ; then\n    # print error to STDERR\n    echo \"error: The sandbox is not in sync with the Podfile.lock. Run 'pod install' or update your CocoaPods installation.\" >&2\n    exit 1\nfi\n# This output is used by Xcode 'outputs' to avoid re-running this script phase.\necho \"SUCCESS\" > \"${SCRIPT_OUTPUT_FILE_0}\"\n";
			showEnvVarsInLog = 0;
		};
		7D762703B727E03BABD5520B /* [CP] Check Pods Manifest.lock */ = {
			isa = PBXShellScriptBuildPhase;
			buildActionMask = 2147483647;
			files = (
			);
			inputFileListPaths = (
			);
			inputPaths = (
				"${PODS_PODFILE_DIR_PATH}/Podfile.lock",
				"${PODS_ROOT}/Manifest.lock",
			);
			name = "[CP] Check Pods Manifest.lock";
			outputFileListPaths = (
			);
			outputPaths = (
				"$(DERIVED_FILE_DIR)/Pods-trainig-checkManifestLockResult.txt",
			);
			runOnlyForDeploymentPostprocessing = 0;
			shellPath = /bin/sh;
			shellScript = "diff \"${PODS_PODFILE_DIR_PATH}/Podfile.lock\" \"${PODS_ROOT}/Manifest.lock\" > /dev/null\nif [ $? != 0 ] ; then\n    # print error to STDERR\n    echo \"error: The sandbox is not in sync with the Podfile.lock. Run 'pod install' or update your CocoaPods installation.\" >&2\n    exit 1\nfi\n# This output is used by Xcode 'outputs' to avoid re-running this script phase.\necho \"SUCCESS\" > \"${SCRIPT_OUTPUT_FILE_0}\"\n";
			showEnvVarsInLog = 0;
		};
/* End PBXShellScriptBuildPhase section */

/* Begin PBXSourcesBuildPhase section */
		50C649832D3AF1D400B095A0 /* Sources */ = {
			isa = PBXSourcesBuildPhase;
			buildActionMask = 2147483647;
			files = (
			);
			runOnlyForDeploymentPostprocessing = 0;
		};
		50C649992D3AF1D500B095A0 /* Sources */ = {
			isa = PBXSourcesBuildPhase;
			buildActionMask = 2147483647;
			files = (
			);
			runOnlyForDeploymentPostprocessing = 0;
		};
		50C649A32D3AF1D500B095A0 /* Sources */ = {
			isa = PBXSourcesBuildPhase;
			buildActionMask = 2147483647;
			files = (
			);
			runOnlyForDeploymentPostprocessing = 0;
		};
/* End PBXSourcesBuildPhase section */

/* Begin PBXTargetDependency section */
		50C6499F2D3AF1D500B095A0 /* PBXTargetDependency */ = {
			isa = PBXTargetDependency;
			target = 50C649862D3AF1D400B095A0 /* trainig */;
			targetProxy = 50C6499E2D3AF1D500B095A0 /* PBXContainerItemProxy */;
		};
		50C649A92D3AF1D500B095A0 /* PBXTargetDependency */ = {
			isa = PBXTargetDependency;
			target = 50C649862D3AF1D400B095A0 /* trainig */;
			targetProxy = 50C649A82D3AF1D500B095A0 /* PBXContainerItemProxy */;
		};
/* End PBXTargetDependency section */

/* Begin PBXVariantGroup section */
		50C7432A2D47001200486038 /* Localizable.strings */ = {
			isa = PBXVariantGroup;
			children = (
				50C7432B2D47001200486038 /* en */,
				50C7432D2D47004E00486038 /* tr */,
			);
			name = Localizable.strings;
			sourceTree = "<group>";
		};
/* End PBXVariantGroup section */

/* Begin XCBuildConfiguration section */
		50C649B12D3AF1D500B095A0 /* Debug */ = {
			isa = XCBuildConfiguration;
			baseConfigurationReference = FC3F4FC2F89ABF9A5B2905C3 /* Pods-trainig.debug.xcconfig */;
			buildSettings = {
				ASSETCATALOG_COMPILER_APPICON_NAME = AppIcon;
				ASSETCATALOG_COMPILER_GLOBAL_ACCENT_COLOR_NAME = AccentColor;
				CODE_SIGN_STYLE = Automatic;
				CURRENT_PROJECT_VERSION = 1;
				DEVELOPMENT_TEAM = 54P9HKL7PC;
				GENERATE_INFOPLIST_FILE = YES;
				INFOPLIST_FILE = trainig/Info.plist;
				INFOPLIST_KEY_UIApplicationSupportsIndirectInputEvents = YES;
				INFOPLIST_KEY_UILaunchStoryboardName = LaunchScreen;
				INFOPLIST_KEY_UIMainStoryboardFile = Main;
				INFOPLIST_KEY_UISupportedInterfaceOrientations_iPad = "UIInterfaceOrientationPortrait UIInterfaceOrientationPortraitUpsideDown UIInterfaceOrientationLandscapeLeft UIInterfaceOrientationLandscapeRight";
				INFOPLIST_KEY_UISupportedInterfaceOrientations_iPhone = "UIInterfaceOrientationPortrait UIInterfaceOrientationLandscapeLeft UIInterfaceOrientationLandscapeRight";
				IPHONEOS_DEPLOYMENT_TARGET = 15.6;
				LD_RUNPATH_SEARCH_PATHS = (
					"$(inherited)",
					"@executable_path/Frameworks",
				);
				MARKETING_VERSION = 1.0;
				PRODUCT_BUNDLE_IDENTIFIER = com.genetous.trainig;
				PRODUCT_NAME = "$(TARGET_NAME)";
				SWIFT_EMIT_LOC_STRINGS = YES;
				SWIFT_VERSION = 5.0;
				TARGETED_DEVICE_FAMILY = "1,2";
			};
			name = Debug;
		};
		50C649B22D3AF1D500B095A0 /* Release */ = {
			isa = XCBuildConfiguration;
			baseConfigurationReference = 6AAC9A171864A06BB2AA0DDB /* Pods-trainig.release.xcconfig */;
			buildSettings = {
				ASSETCATALOG_COMPILER_APPICON_NAME = AppIcon;
				ASSETCATALOG_COMPILER_GLOBAL_ACCENT_COLOR_NAME = AccentColor;
				CODE_SIGN_STYLE = Automatic;
				CURRENT_PROJECT_VERSION = 1;
				DEVELOPMENT_TEAM = 54P9HKL7PC;
				GENERATE_INFOPLIST_FILE = YES;
				INFOPLIST_FILE = trainig/Info.plist;
				INFOPLIST_KEY_UIApplicationSupportsIndirectInputEvents = YES;
				INFOPLIST_KEY_UILaunchStoryboardName = LaunchScreen;
				INFOPLIST_KEY_UIMainStoryboardFile = Main;
				INFOPLIST_KEY_UISupportedInterfaceOrientations_iPad = "UIInterfaceOrientationPortrait UIInterfaceOrientationPortraitUpsideDown UIInterfaceOrientationLandscapeLeft UIInterfaceOrientationLandscapeRight";
				INFOPLIST_KEY_UISupportedInterfaceOrientations_iPhone = "UIInterfaceOrientationPortrait UIInterfaceOrientationLandscapeLeft UIInterfaceOrientationLandscapeRight";
				IPHONEOS_DEPLOYMENT_TARGET = 15.6;
				LD_RUNPATH_SEARCH_PATHS = (
					"$(inherited)",
					"@executable_path/Frameworks",
				);
				MARKETING_VERSION = 1.0;
				PRODUCT_BUNDLE_IDENTIFIER = com.genetous.trainig;
				PRODUCT_NAME = "$(TARGET_NAME)";
				SWIFT_EMIT_LOC_STRINGS = YES;
				SWIFT_VERSION = 5.0;
				TARGETED_DEVICE_FAMILY = "1,2";
			};
			name = Release;
		};
		50C649B32D3AF1D500B095A0 /* Debug */ = {
			isa = XCBuildConfiguration;
			buildSettings = {
				ALWAYS_SEARCH_USER_PATHS = NO;
				ASSETCATALOG_COMPILER_GENERATE_SWIFT_ASSET_SYMBOL_EXTENSIONS = YES;
				CLANG_ANALYZER_LOCALIZABILITY_NONLOCALIZED = YES;
				CLANG_ANALYZER_NONNULL = YES;
				CLANG_ANALYZER_NUMBER_OBJECT_CONVERSION = YES_AGGRESSIVE;
				CLANG_CXX_LANGUAGE_STANDARD = "gnu++20";
				CLANG_ENABLE_MODULES = YES;
				CLANG_ENABLE_OBJC_ARC = YES;
				CLANG_ENABLE_OBJC_WEAK = YES;
				CLANG_WARN_BLOCK_CAPTURE_AUTORELEASING = YES;
				CLANG_WARN_BOOL_CONVERSION = YES;
				CLANG_WARN_COMMA = YES;
				CLANG_WARN_CONSTANT_CONVERSION = YES;
				CLANG_WARN_DEPRECATED_OBJC_IMPLEMENTATIONS = YES;
				CLANG_WARN_DIRECT_OBJC_ISA_USAGE = YES_ERROR;
				CLANG_WARN_DOCUMENTATION_COMMENTS = YES;
				CLANG_WARN_EMPTY_BODY = YES;
				CLANG_WARN_ENUM_CONVERSION = YES;
				CLANG_WARN_INFINITE_RECURSION = YES;
				CLANG_WARN_INT_CONVERSION = YES;
				CLANG_WARN_NON_LITERAL_NULL_CONVERSION = YES;
				CLANG_WARN_OBJC_IMPLICIT_RETAIN_SELF = YES;
				CLANG_WARN_OBJC_LITERAL_CONVERSION = YES;
				CLANG_WARN_OBJC_ROOT_CLASS = YES_ERROR;
				CLANG_WARN_QUOTED_INCLUDE_IN_FRAMEWORK_HEADER = YES;
				CLANG_WARN_RANGE_LOOP_ANALYSIS = YES;
				CLANG_WARN_STRICT_PROTOTYPES = YES;
				CLANG_WARN_SUSPICIOUS_MOVE = YES;
				CLANG_WARN_UNGUARDED_AVAILABILITY = YES_AGGRESSIVE;
				CLANG_WARN_UNREACHABLE_CODE = YES;
				CLANG_WARN__DUPLICATE_METHOD_MATCH = YES;
				COPY_PHASE_STRIP = NO;
				DEBUG_INFORMATION_FORMAT = dwarf;
				ENABLE_STRICT_OBJC_MSGSEND = YES;
				ENABLE_TESTABILITY = YES;
				ENABLE_USER_SCRIPT_SANDBOXING = YES;
				GCC_C_LANGUAGE_STANDARD = gnu17;
				GCC_DYNAMIC_NO_PIC = NO;
				GCC_NO_COMMON_BLOCKS = YES;
				GCC_OPTIMIZATION_LEVEL = 0;
				GCC_PREPROCESSOR_DEFINITIONS = (
					"DEBUG=1",
					"$(inherited)",
				);
				GCC_WARN_64_TO_32_BIT_CONVERSION = YES;
				GCC_WARN_ABOUT_RETURN_TYPE = YES_ERROR;
				GCC_WARN_UNDECLARED_SELECTOR = YES;
				GCC_WARN_UNINITIALIZED_AUTOS = YES_AGGRESSIVE;
				GCC_WARN_UNUSED_FUNCTION = YES;
				GCC_WARN_UNUSED_VARIABLE = YES;
				IPHONEOS_DEPLOYMENT_TARGET = 18.2;
				LOCALIZATION_PREFERS_STRING_CATALOGS = YES;
				MTL_ENABLE_DEBUG_INFO = INCLUDE_SOURCE;
				MTL_FAST_MATH = YES;
				ONLY_ACTIVE_ARCH = YES;
				SDKROOT = iphoneos;
				SWIFT_ACTIVE_COMPILATION_CONDITIONS = "DEBUG $(inherited)";
				SWIFT_OPTIMIZATION_LEVEL = "-Onone";
			};
			name = Debug;
		};
		50C649B42D3AF1D500B095A0 /* Release */ = {
			isa = XCBuildConfiguration;
			buildSettings = {
				ALWAYS_SEARCH_USER_PATHS = NO;
				ASSETCATALOG_COMPILER_GENERATE_SWIFT_ASSET_SYMBOL_EXTENSIONS = YES;
				CLANG_ANALYZER_LOCALIZABILITY_NONLOCALIZED = YES;
				CLANG_ANALYZER_NONNULL = YES;
				CLANG_ANALYZER_NUMBER_OBJECT_CONVERSION = YES_AGGRESSIVE;
				CLANG_CXX_LANGUAGE_STANDARD = "gnu++20";
				CLANG_ENABLE_MODULES = YES;
				CLANG_ENABLE_OBJC_ARC = YES;
				CLANG_ENABLE_OBJC_WEAK = YES;
				CLANG_WARN_BLOCK_CAPTURE_AUTORELEASING = YES;
				CLANG_WARN_BOOL_CONVERSION = YES;
				CLANG_WARN_COMMA = YES;
				CLANG_WARN_CONSTANT_CONVERSION = YES;
				CLANG_WARN_DEPRECATED_OBJC_IMPLEMENTATIONS = YES;
				CLANG_WARN_DIRECT_OBJC_ISA_USAGE = YES_ERROR;
				CLANG_WARN_DOCUMENTATION_COMMENTS = YES;
				CLANG_WARN_EMPTY_BODY = YES;
				CLANG_WARN_ENUM_CONVERSION = YES;
				CLANG_WARN_INFINITE_RECURSION = YES;
				CLANG_WARN_INT_CONVERSION = YES;
				CLANG_WARN_NON_LITERAL_NULL_CONVERSION = YES;
				CLANG_WARN_OBJC_IMPLICIT_RETAIN_SELF = YES;
				CLANG_WARN_OBJC_LITERAL_CONVERSION = YES;
				CLANG_WARN_OBJC_ROOT_CLASS = YES_ERROR;
				CLANG_WARN_QUOTED_INCLUDE_IN_FRAMEWORK_HEADER = YES;
				CLANG_WARN_RANGE_LOOP_ANALYSIS = YES;
				CLANG_WARN_STRICT_PROTOTYPES = YES;
				CLANG_WARN_SUSPICIOUS_MOVE = YES;
				CLANG_WARN_UNGUARDED_AVAILABILITY = YES_AGGRESSIVE;
				CLANG_WARN_UNREACHABLE_CODE = YES;
				CLANG_WARN__DUPLICATE_METHOD_MATCH = YES;
				COPY_PHASE_STRIP = NO;
				DEBUG_INFORMATION_FORMAT = "dwarf-with-dsym";
				ENABLE_NS_ASSERTIONS = NO;
				ENABLE_STRICT_OBJC_MSGSEND = YES;
				ENABLE_USER_SCRIPT_SANDBOXING = YES;
				GCC_C_LANGUAGE_STANDARD = gnu17;
				GCC_NO_COMMON_BLOCKS = YES;
				GCC_WARN_64_TO_32_BIT_CONVERSION = YES;
				GCC_WARN_ABOUT_RETURN_TYPE = YES_ERROR;
				GCC_WARN_UNDECLARED_SELECTOR = YES;
				GCC_WARN_UNINITIALIZED_AUTOS = YES_AGGRESSIVE;
				GCC_WARN_UNUSED_FUNCTION = YES;
				GCC_WARN_UNUSED_VARIABLE = YES;
				IPHONEOS_DEPLOYMENT_TARGET = 18.2;
				LOCALIZATION_PREFERS_STRING_CATALOGS = YES;
				MTL_ENABLE_DEBUG_INFO = NO;
				MTL_FAST_MATH = YES;
				SDKROOT = iphoneos;
				SWIFT_COMPILATION_MODE = wholemodule;
				VALIDATE_PRODUCT = YES;
			};
			name = Release;
		};
		50C649B62D3AF1D500B095A0 /* Debug */ = {
			isa = XCBuildConfiguration;
			baseConfigurationReference = DBD34C94C157ACD12FDB64B7 /* Pods-trainigTests.debug.xcconfig */;
			buildSettings = {
				BUNDLE_LOADER = "$(TEST_HOST)";
				CODE_SIGN_STYLE = Automatic;
				CURRENT_PROJECT_VERSION = 1;
				DEVELOPMENT_TEAM = 54P9HKL7PC;
				GENERATE_INFOPLIST_FILE = YES;
				IPHONEOS_DEPLOYMENT_TARGET = 18.2;
				MARKETING_VERSION = 1.0;
				PRODUCT_BUNDLE_IDENTIFIER = com.genetous.trainigTests;
				PRODUCT_NAME = "$(TARGET_NAME)";
				SWIFT_EMIT_LOC_STRINGS = NO;
				SWIFT_VERSION = 5.0;
				TARGETED_DEVICE_FAMILY = "1,2";
				TEST_HOST = "$(BUILT_PRODUCTS_DIR)/trainig.app/$(BUNDLE_EXECUTABLE_FOLDER_PATH)/trainig";
			};
			name = Debug;
		};
		50C649B72D3AF1D500B095A0 /* Release */ = {
			isa = XCBuildConfiguration;
			baseConfigurationReference = 69B17F554746B4155692D3D9 /* Pods-trainigTests.release.xcconfig */;
			buildSettings = {
				BUNDLE_LOADER = "$(TEST_HOST)";
				CODE_SIGN_STYLE = Automatic;
				CURRENT_PROJECT_VERSION = 1;
				DEVELOPMENT_TEAM = 54P9HKL7PC;
				GENERATE_INFOPLIST_FILE = YES;
				IPHONEOS_DEPLOYMENT_TARGET = 18.2;
				MARKETING_VERSION = 1.0;
				PRODUCT_BUNDLE_IDENTIFIER = com.genetous.trainigTests;
				PRODUCT_NAME = "$(TARGET_NAME)";
				SWIFT_EMIT_LOC_STRINGS = NO;
				SWIFT_VERSION = 5.0;
				TARGETED_DEVICE_FAMILY = "1,2";
				TEST_HOST = "$(BUILT_PRODUCTS_DIR)/trainig.app/$(BUNDLE_EXECUTABLE_FOLDER_PATH)/trainig";
			};
			name = Release;
		};
		50C649B92D3AF1D500B095A0 /* Debug */ = {
			isa = XCBuildConfiguration;
			baseConfigurationReference = E6A4723BA43872EEF732A48F /* Pods-trainig-trainigUITests.debug.xcconfig */;
			buildSettings = {
				CODE_SIGN_STYLE = Automatic;
				CURRENT_PROJECT_VERSION = 1;
				DEVELOPMENT_TEAM = 54P9HKL7PC;
				GENERATE_INFOPLIST_FILE = YES;
				MARKETING_VERSION = 1.0;
				PRODUCT_BUNDLE_IDENTIFIER = com.genetous.trainigUITests;
				PRODUCT_NAME = "$(TARGET_NAME)";
				SWIFT_EMIT_LOC_STRINGS = NO;
				SWIFT_VERSION = 5.0;
				TARGETED_DEVICE_FAMILY = "1,2";
				TEST_TARGET_NAME = trainig;
			};
			name = Debug;
		};
		50C649BA2D3AF1D500B095A0 /* Release */ = {
			isa = XCBuildConfiguration;
			baseConfigurationReference = 80708A64F81F6E7791AEF357 /* Pods-trainig-trainigUITests.release.xcconfig */;
			buildSettings = {
				CODE_SIGN_STYLE = Automatic;
				CURRENT_PROJECT_VERSION = 1;
				DEVELOPMENT_TEAM = 54P9HKL7PC;
				GENERATE_INFOPLIST_FILE = YES;
				MARKETING_VERSION = 1.0;
				PRODUCT_BUNDLE_IDENTIFIER = com.genetous.trainigUITests;
				PRODUCT_NAME = "$(TARGET_NAME)";
				SWIFT_EMIT_LOC_STRINGS = NO;
				SWIFT_VERSION = 5.0;
				TARGETED_DEVICE_FAMILY = "1,2";
				TEST_TARGET_NAME = trainig;
			};
			name = Release;
		};
/* End XCBuildConfiguration section */

/* Begin XCConfigurationList section */
		50C649822D3AF1D400B095A0 /* Build configuration list for PBXProject "trainig" */ = {
			isa = XCConfigurationList;
			buildConfigurations = (
				50C649B32D3AF1D500B095A0 /* Debug */,
				50C649B42D3AF1D500B095A0 /* Release */,
			);
			defaultConfigurationIsVisible = 0;
			defaultConfigurationName = Release;
		};
		50C649B02D3AF1D500B095A0 /* Build configuration list for PBXNativeTarget "trainig" */ = {
			isa = XCConfigurationList;
			buildConfigurations = (
				50C649B12D3AF1D500B095A0 /* Debug */,
				50C649B22D3AF1D500B095A0 /* Release */,
			);
			defaultConfigurationIsVisible = 0;
			defaultConfigurationName = Release;
		};
		50C649B52D3AF1D500B095A0 /* Build configuration list for PBXNativeTarget "trainigTests" */ = {
			isa = XCConfigurationList;
			buildConfigurations = (
				50C649B62D3AF1D500B095A0 /* Debug */,
				50C649B72D3AF1D500B095A0 /* Release */,
			);
			defaultConfigurationIsVisible = 0;
			defaultConfigurationName = Release;
		};
		50C649B82D3AF1D500B095A0 /* Build configuration list for PBXNativeTarget "trainigUITests" */ = {
			isa = XCConfigurationList;
			buildConfigurations = (
				50C649B92D3AF1D500B095A0 /* Debug */,
				50C649BA2D3AF1D500B095A0 /* Release */,
			);
			defaultConfigurationIsVisible = 0;
			defaultConfigurationName = Release;
		};
/* End XCConfigurationList section */
	};
	rootObject = 50C6497F2D3AF1D400B095A0 /* Project object */;
}
